
Microsoft Visual Studio Solution File, Format Version 12.00
# Visual Studio Version 17
VisualStudioVersion = 17.14.36408.4 d17.14
MinimumVisualStudioVersion = 10.0.40219.1
Project("{FAE04EC0-301F-11D3-BF4B-00C04F79EFBC}") = "Client", "Client\Client.csproj", "{FDED24D7-3B47-4BF6-9841-A0A465AA11AA}"
EndProject
Project("{FAE04EC0-301F-11D3-BF4B-00C04F79EFBC}") = "Server", "Server\Server.csproj", "{35C64F04-EF21-46D2-9B3E-980A21EA06FA}"
EndProject
Project("{FAE04EC0-301F-11D3-BF4B-00C04F79EFBC}") = "Repo", "Repo\Repo.csproj", "{3D10E01A-D946-4689-BB22-F1DAB4AE6E2A}"
EndProject
Project("{FAE04EC0-301F-11D3-BF4B-00C04F79EFBC}") = "DataAccess", "DataAccess\DataAccess.csproj", "{0EF9908D-514B-4B9E-B075-123479CFB803}"
EndProject
Project("{FAE04EC0-301F-11D3-BF4B-00C04F79EFBC}") = "Entity", "Entity\Entity.csproj", "{D89B7BC5-E087-4A52-8185-A663D1F4D93A}"
EndProject
Global
	GlobalSection(SolutionConfigurationPlatforms) = preSolution
		Debug|Any CPU = Debug|Any CPU
		Release|Any CPU = Release|Any CPU
	EndGlobalSection
	GlobalSection(ProjectConfigurationPlatforms) = postSolution
		{FDED24D7-3B47-4BF6-9841-A0A465AA11AA}.Debug|Any CPU.ActiveCfg = Debug|Any CPU
		{FDED24D7-3B47-4BF6-9841-A0A465AA11AA}.Debug|Any CPU.Build.0 = Debug|Any CPU
		{FDED24D7-3B47-4BF6-9841-A0A465AA11AA}.Release|Any CPU.ActiveCfg = Release|Any CPU
		{FDED24D7-3B47-4BF6-9841-A0A465AA11AA}.Release|Any CPU.Build.0 = Release|Any CPU
		{35C64F04-EF21-46D2-9B3E-980A21EA06FA}.Debug|Any CPU.ActiveCfg = Debug|Any CPU
		{35C64F04-EF21-46D2-9B3E-980A21EA06FA}.Debug|Any CPU.Build.0 = Debug|Any CPU
		{35C64F04-EF21-46D2-9B3E-980A21EA06FA}.Release|Any CPU.ActiveCfg = Release|Any CPU
		{35C64F04-EF21-46D2-9B3E-980A21EA06FA}.Release|Any CPU.Build.0 = Release|Any CPU
		{3D10E01A-D946-4689-BB22-F1DAB4AE6E2A}.Debug|Any CPU.ActiveCfg = Debug|Any CPU
		{3D10E01A-D946-4689-BB22-F1DAB4AE6E2A}.Debug|Any CPU.Build.0 = Debug|Any CPU
		{3D10E01A-D946-4689-BB22-F1DAB4AE6E2A}.Release|Any CPU.ActiveCfg = Release|Any CPU
		{3D10E01A-D946-4689-BB22-F1DAB4AE6E2A}.Release|Any CPU.Build.0 = Release|Any CPU
		{0EF9908D-514B-4B9E-B075-123479CFB803}.Debug|Any CPU.ActiveCfg = Debug|Any CPU
		{0EF9908D-514B-4B9E-B075-123479CFB803}.Debug|Any CPU.Build.0 = Debug|Any CPU
		{0EF9908D-514B-4B9E-B075-123479CFB803}.Release|Any CPU.ActiveCfg = Release|Any CPU
		{0EF9908D-514B-4B9E-B075-123479CFB803}.Release|Any CPU.Build.0 = Release|Any CPU
		{D89B7BC5-E087-4A52-8185-A663D1F4D93A}.Debug|Any CPU.ActiveCfg = Debug|Any CPU
		{D89B7BC5-E087-4A52-8185-A663D1F4D93A}.Debug|Any CPU.Build.0 = Debug|Any CPU
		{D89B7BC5-E087-4A52-8185-A663D1F4D93A}.Release|Any CPU.ActiveCfg = Release|Any CPU
		{D89B7BC5-E087-4A52-8185-A663D1F4D93A}.Release|Any CPU.Build.0 = Release|Any CPU
	EndGlobalSection
	GlobalSection(SolutionProperties) = preSolution
		HideSolutionNode = FALSE
	EndGlobalSection
	GlobalSection(ExtensibilityGlobals) = postSolution
		SolutionGuid = {45FF31BB-A4C9-4041-B86D-5E2B82CB9B59}
	EndGlobalSection
EndGlobal
